
Microsoft Visual Studio Solution File, Format Version 12.00
# Visual Studio Version 17
VisualStudioVersion = 17.11.35222.181
MinimumVisualStudioVersion = 10.0.40219.1
Project("{9A19103F-16F7-4668-BE54-9A1E7A4F7556}") = "basics", "basics\basics.csproj", "{BB889950-3172-457C-82E9-558852C0A1A9}"
EndProject
Project("{FAE04EC0-301F-11D3-BF4B-00C04F79EFBC}") = "Exercise_solution", "Exercise_solution\Exercise_solution.csproj", "{C283A3A8-C4FB-4760-8751-D92937FF2FE9}"
EndProject
Global
	GlobalSection(SolutionConfigurationPlatforms) = preSolution
		Debug|Any CPU = Debug|Any CPU
		Release|Any CPU = Release|Any CPU
	EndGlobalSection
	GlobalSection(ProjectConfigurationPlatforms) = postSolution
		{BB889950-3172-457C-82E9-558852C0A1A9}.Debug|Any CPU.ActiveCfg = Debug|Any CPU
		{BB889950-3172-457C-82E9-558852C0A1A9}.Debug|Any CPU.Build.0 = Debug|Any CPU
		{BB889950-3172-457C-82E9-558852C0A1A9}.Release|Any CPU.ActiveCfg = Release|Any CPU
		{BB889950-3172-457C-82E9-558852C0A1A9}.Release|Any CPU.Build.0 = Release|Any CPU
		{C283A3A8-C4FB-4760-8751-D92937FF2FE9}.Debug|Any CPU.ActiveCfg = Debug|Any CPU
		{C283A3A8-C4FB-4760-8751-D92937FF2FE9}.Debug|Any CPU.Build.0 = Debug|Any CPU
		{C283A3A8-C4FB-4760-8751-D92937FF2FE9}.Release|Any CPU.ActiveCfg = Release|Any CPU
		{C283A3A8-C4FB-4760-8751-D92937FF2FE9}.Release|Any CPU.Build.0 = Release|Any CPU
	EndGlobalSection
	GlobalSection(SolutionProperties) = preSolution
		HideSolutionNode = FALSE
	EndGlobalSection
	GlobalSection(ExtensibilityGlobals) = postSolution
		SolutionGuid = {E3F18A13-E404-4446-AB9D-3D64D2A6AABF}
	EndGlobalSection
EndGlobal
